
Microsoft Visual Studio Solution File, Format Version 12.00
# Visual Studio Version 16
VisualStudioVersion = 16.0.30907.101
MinimumVisualStudioVersion = 10.0.40219.1
Project("{FAE04EC0-301F-11D3-BF4B-00C04F79EFBC}") = "VariousIoClasses", "VariousIoClasses\VariousIoClasses.csproj", "{0CCF3F9E-F21A-4D45-BA1A-75D425396777}"
EndProject
Global
	GlobalSection(SolutionConfigurationPlatforms) = preSolution
		Debug|Any CPU = Debug|Any CPU
		Release|Any CPU = Release|Any CPU
	EndGlobalSection
	GlobalSection(ProjectConfigurationPlatforms) = postSolution
		{0CCF3F9E-F21A-4D45-BA1A-75D425396777}.Debug|Any CPU.ActiveCfg = Debug|Any CPU
		{0CCF3F9E-F21A-4D45-BA1A-75D425396777}.Debug|Any CPU.Build.0 = Debug|Any CPU
		{0CCF3F9E-F21A-4D45-BA1A-75D425396777}.Release|Any CPU.ActiveCfg = Release|Any CPU
		{0CCF3F9E-F21A-4D45-BA1A-75D425396777}.Release|Any CPU.Build.0 = Release|Any CPU
	EndGlobalSection
	GlobalSection(SolutionProperties) = preSolution
		HideSolutionNode = FALSE
	EndGlobalSection
	GlobalSection(ExtensibilityGlobals) = postSolution
		SolutionGuid = {4ADACC11-381A-463E-A07F-87F9D655BBFD}
	EndGlobalSection
EndGlobal
